{
  "nodes": {
    "nixpkgs": {
      "locked": {
        "lastModified": 1785090369,
        "narHash": "sha256-m0pDuRJG7EDo9ri+4Ksu83VsI+PlxNC9lNBfydejce4=",
        "owner": "NixOS",
        "repo": "nixpkgs",
        "rev": "624af665418d3c65d544145b4d34ad696439570e",
        "type": "github"
      },
      "original": {
        "owner": "NixOS",
        "ref": "nixos-unstable",
        "repo": "nixpkgs",
        "type": "github"
      }
    },
    "repo-fleet": {
      "inputs": {
        "nixpkgs": [
          "nixpkgs"
        ]
      },
      "locked": {
        "lastModified": 1788126315,
        "narHash": "sha256-waS/UrbmhgCP+vwFCTYxCvGalGS1CyI2byV8QJcjjfY=",
        "owner": "hermetic-foundation",
        "repo": "repo-fleet",
        "rev": "fe7f2fb3634ec783e0257bd49197d4afa15ea6b9",
        "type": "github"
      },
      "original": {
        "owner": "hermetic-foundation",
        "repo": "repo-fleet",
        "type": "github"
      }
    },
    "root": {
      "inputs": {
        "nixpkgs": "nixpkgs",
        "repo-fleet": "repo-fleet"
      }
    }
  },
  "root": "root",
  "version": 7
}
